{
  "version": 4,
  "terraform_version": "1.5.7",
  "serial": 252,
  "lineage": "874fc46f-5726-d82f-9914-ca3c630fb949",
  "outputs": {},
  "resources": [
    {
      "mode": "data",
      "type": "yandex_compute_image",
      "name": "coi",
      "provider": "provider[\"registry.terraform.io/yandex-cloud/yandex\"]",
      "instances": [
        {
          "schema_version": 0,
          "attributes": {
            "created_at": "2022-02-04T12:30:26Z",
            "description": "Container Optimized Image 2.3.10",
            "family": "container-optimized-image",
            "folder_id": "standard-images",
            "id": "fd80o2eikcn22b229tsa",
            "image_id": "fd80o2eikcn22b229tsa",
            "labels": {},
            "min_disk_size": 30,
            "name": "container-optimized-image-v20220204a",
            "os_type": "linux",
            "pooled": true,
            "product_ids": [
              "f2elf7186figj4p34at5"
            ],
            "size": 6,
            "status": "ready"
          },
          "sensitive_attributes": []
        }
      ]
    },
    {
      "mode": "managed",
      "type": "yandex_compute_instance_group",
      "name": "catgpt",
      "provider": "provider[\"registry.terraform.io/yandex-cloud/yandex\"]",
      "instances": [
        {
          "schema_version": 0,
          "attributes": {
            "allocation_policy": [
              {
                "instance_tags_pool": [],
                "zones": [
                  "ru-central1-b"
                ]
              }
            ],
            "application_load_balancer": [],
            "created_at": "2023-11-15T06:53:13Z",
            "deletion_protection": false,
            "deploy_policy": [
              {
                "max_creating": 2,
                "max_deleting": 2,
                "max_expansion": 2,
                "max_unavailable": 2,
                "startup_duration": 0,
                "strategy": "proactive"
              }
            ],
            "description": "",
            "folder_id": "b1gudftn90gk7phlf79h",
            "health_check": [],
            "id": "cl1o96j61tfn2m5qfqhq",
            "instance_template": [
              {
                "boot_disk": [
                  {
                    "device_name": "",
                    "disk_id": "",
                    "initialize_params": [
                      {
                        "description": "",
                        "image_id": "fd80o2eikcn22b229tsa",
                        "size": 30,
                        "snapshot_id": "",
                        "type": "network-hdd"
                      }
                    ],
                    "mode": "READ_WRITE"
                  }
                ],
                "description": "",
                "filesystem": [],
                "hostname": "",
                "labels": {},
                "metadata": {
                  "docker-compose": "version: '3.7'\nservices:\n  catgpt:\n    container_name: catgpt\n    # image: \"cr.yandex/crprkt8l3cur3ctkqnca/catgpt:latest\"\n    image: \"cr.yandex/$REGISTRY_ID/catgpt:1\"\n    restart: always\n    network_mode: \"host\"\n  unifiedagent:\n    # container_name: unifiedagent\n    # image: \"cr.yandex/yc/unified-agent\"\n    # environment:\n    #   FOLDER_ID: \"${folder_id}\"  \n    # restart: always\n    # network_mode: \"host\"\n    # volumes:\n    #   - /ua:/etc/yandex/unified_agent/conf.d  \n",
                  "ssh-keys": "ubuntu:ssh-rsa AAAAB3NzaC1yc2EAAAADAQABAAABgQC6SQqXejprMI+fymG22NMp9JkFpj1mgTue97BvtlM64JyB9feMjTgdFzMRI+ZxA7EQBx5sIoR1vY6EbG5lAVBzUdvbeNufpRJ7FzuljFJ7owQr8MtGh2Isaww9VWFpy5w0Q0/BsuhkKQy9vmpidsmceOWQBgo0ZuGzLkp6lwzwUNaih/86CRJIIviLxeyLLBG09+tP80TkqCwEAtRu1bCAecRXIAs7IfRMdDSJHiJJb/GbTLeoMs7xbYxLS6s2xuh2eXAYh46PS+W/4hQ3Szg0BPU8Eesy3Yr8d4Qf9z5KyxGjqsdpoA2LvUbdp73c09ElcyFdeXCgqOQGnxqkNbxgfXpjuDN2j+2Y2I8wEOHEAo3EAG1aty3vjZitRSt7O53i4CBQtdMMi89pJZn65aMhpXuQBJzSx02OSXWehI2+vrpRrRPuw5NNr+aHOVvY6LzQY5I2HVrYoJ8cMoOEhyynEA97Bzh31pWFjAk+mxE2Tk2cza7DsUkBbaj08ckcn9M= dmitry@dmitry-pc\n"
                },
                "name": "",
                "network_interface": [
                  {
                    "dns_record": [],
                    "ip_address": "",
                    "ipv4": true,
                    "ipv6": false,
                    "ipv6_address": "",
                    "ipv6_dns_record": [],
                    "nat": true,
                    "nat_dns_record": [],
                    "nat_ip_address": "",
                    "network_id": "enp89n4k5mlve4f890a3",
                    "security_group_ids": [],
                    "subnet_ids": [
                      "e2ljarr8l6po4o7u00m1"
                    ]
                  }
                ],
                "network_settings": [
                  {
                    "type": "STANDARD"
                  }
                ],
                "placement_policy": [],
                "platform_id": "standard-v2",
                "resources": [
                  {
                    "core_fraction": 5,
                    "cores": 2,
                    "gpus": 0,
                    "memory": 1
                  }
                ],
                "scheduling_policy": [
                  {
                    "preemptible": false
                  }
                ],
                "secondary_disk": [],
                "service_account_id": ""
              }
            ],
            "instances": [
              {
                "fqdn": "cl1o96j61tfn2m5qfqhq-ilaw.ru-central1.internal",
                "instance_id": "epd9bmlnd2p6k8nk9ckc",
                "instance_tag": "",
                "name": "cl1o96j61tfn2m5qfqhq-ilaw",
                "network_interface": [
                  {
                    "index": 0,
                    "ip_address": "10.5.0.29",
                    "ipv4": true,
                    "ipv6": false,
                    "ipv6_address": "",
                    "mac_address": "d0:0d:95:da:b7:68",
                    "nat": true,
                    "nat_ip_address": "158.160.82.84",
                    "nat_ip_version": "IPV4",
                    "subnet_id": "e2ljarr8l6po4o7u00m1"
                  }
                ],
                "status": "RUNNING_ACTUAL",
                "status_changed_at": "2023-11-15T06:53:59Z",
                "status_message": "",
                "zone_id": "ru-central1-b"
              },
              {
                "fqdn": "cl1o96j61tfn2m5qfqhq-ohal.ru-central1.internal",
                "instance_id": "epd4fb5tba2dgrorfnle",
                "instance_tag": "",
                "name": "cl1o96j61tfn2m5qfqhq-ohal",
                "network_interface": [
                  {
                    "index": 0,
                    "ip_address": "10.5.0.9",
                    "ipv4": true,
                    "ipv6": false,
                    "ipv6_address": "",
                    "mac_address": "d0:0d:47:ac:bd:5a",
                    "nat": true,
                    "nat_ip_address": "158.160.66.165",
                    "nat_ip_version": "IPV4",
                    "subnet_id": "e2ljarr8l6po4o7u00m1"
                  }
                ],
                "status": "RUNNING_ACTUAL",
                "status_changed_at": "2023-11-15T06:54:01Z",
                "status_message": "",
                "zone_id": "ru-central1-b"
              }
            ],
            "labels": {},
            "load_balancer": [
              {
                "ignore_health_checks": false,
                "max_opening_traffic_duration": 0,
                "status_message": "",
                "target_group_description": "",
                "target_group_id": "enp7rrf33moa3v461sk0",
                "target_group_labels": {},
                "target_group_name": "catgpt"
              }
            ],
            "max_checking_health_duration": null,
            "name": "catgpt-ig",
            "scale_policy": [
              {
                "auto_scale": [],
                "fixed_scale": [
                  {
                    "size": 2
                  }
                ],
                "test_auto_scale": []
              }
            ],
            "service_account_id": "ajeld2smli3ocg5266ed",
            "status": "ACTIVE",
            "timeouts": null,
            "variables": {}
          },
          "sensitive_attributes": [],
          "private": "eyJlMmJmYjczMC1lY2FhLTExZTYtOGY4OC0zNDM2M2JjN2M0YzAiOnsiY3JlYXRlIjoxODAwMDAwMDAwMDAwLCJkZWxldGUiOjE4MDAwMDAwMDAwMDAsInVwZGF0ZSI6MTgwMDAwMDAwMDAwMH19",
          "dependencies": [
            "data.yandex_compute_image.coi",
            "yandex_iam_service_account.service-accounts",
            "yandex_resourcemanager_folder_iam_member.catgpt-ig-roles",
            "yandex_vpc_network.foo",
            "yandex_vpc_subnet.foo"
          ]
        }
      ]
    },
    {
      "mode": "managed",
      "type": "yandex_container_registry",
      "name": "catgpt-myregistry",
      "provider": "provider[\"registry.terraform.io/yandex-cloud/yandex\"]",
      "instances": [
        {
          "schema_version": 0,
          "attributes": {
            "created_at": "2023-11-15T06:52:42Z",
            "folder_id": "b1gudftn90gk7phlf79h",
            "id": "crphppgmbj1ff7frm0tr",
            "labels": {},
            "name": "catgpt-myregistry",
            "status": "active",
            "timeouts": null
          },
          "sensitive_attributes": [],
          "private": "eyJlMmJmYjczMC1lY2FhLTExZTYtOGY4OC0zNDM2M2JjN2M0YzAiOnsiY3JlYXRlIjo5MDAwMDAwMDAwMDAsImRlbGV0ZSI6OTAwMDAwMDAwMDAwLCJ1cGRhdGUiOjkwMDAwMDAwMDAwMH19"
        }
      ]
    },
    {
      "mode": "managed",
      "type": "yandex_iam_service_account",
      "name": "service-accounts",
      "provider": "provider[\"registry.terraform.io/yandex-cloud/yandex\"]",
      "instances": [
        {
          "index_key": "catgpt-ig-sa",
          "schema_version": 0,
          "attributes": {
            "created_at": "2023-11-15T06:52:45Z",
            "description": "",
            "folder_id": "b1gudftn90gk7phlf79h",
            "id": "ajeld2smli3ocg5266ed",
            "name": "b1gudftn90gk7phlf79h-catgpt-ig-sa",
            "timeouts": null
          },
          "sensitive_attributes": [],
          "private": "eyJlMmJmYjczMC1lY2FhLTExZTYtOGY4OC0zNDM2M2JjN2M0YzAiOnsiY3JlYXRlIjo2MDAwMDAwMDAwMCwiZGVsZXRlIjo2MDAwMDAwMDAwMCwidXBkYXRlIjo2MDAwMDAwMDAwMH19"
        },
        {
          "index_key": "catgpt-sa",
          "schema_version": 0,
          "attributes": {
            "created_at": "2023-11-15T06:52:42Z",
            "description": "",
            "folder_id": "b1gudftn90gk7phlf79h",
            "id": "ajeke61644ra5i3tgono",
            "name": "b1gudftn90gk7phlf79h-catgpt-sa",
            "timeouts": null
          },
          "sensitive_attributes": [],
          "private": "eyJlMmJmYjczMC1lY2FhLTExZTYtOGY4OC0zNDM2M2JjN2M0YzAiOnsiY3JlYXRlIjo2MDAwMDAwMDAwMCwiZGVsZXRlIjo2MDAwMDAwMDAwMCwidXBkYXRlIjo2MDAwMDAwMDAwMH19"
        }
      ]
    },
    {
      "mode": "managed",
      "type": "yandex_lb_network_load_balancer",
      "name": "lb-catgpt",
      "provider": "provider[\"registry.terraform.io/yandex-cloud/yandex\"]",
      "instances": [
        {
          "schema_version": 0,
          "attributes": {
            "attached_target_group": [
              {
                "healthcheck": [
                  {
                    "healthy_threshold": 2,
                    "http_options": [
                      {
                        "path": "/ping",
                        "port": 8080
                      }
                    ],
                    "interval": 2,
                    "name": "http",
                    "tcp_options": [],
                    "timeout": 1,
                    "unhealthy_threshold": 2
                  }
                ],
                "target_group_id": "enp7rrf33moa3v461sk0"
              }
            ],
            "created_at": "2023-11-15T06:54:03Z",
            "deletion_protection": false,
            "description": "",
            "folder_id": "b1gudftn90gk7phlf79h",
            "id": "enpaf9fkpsp5rdm76ofp",
            "labels": {},
            "listener": [
              {
                "external_address_spec": [
                  {
                    "address": "158.160.129.12",
                    "ip_version": "ipv4"
                  }
                ],
                "internal_address_spec": [],
                "name": "cat-listener",
                "port": 80,
                "protocol": "tcp",
                "target_port": 8080
              }
            ],
            "name": "catgpt",
            "region_id": "ru-central1",
            "timeouts": null,
            "type": "external"
          },
          "sensitive_attributes": [],
          "private": "eyJlMmJmYjczMC1lY2FhLTExZTYtOGY4OC0zNDM2M2JjN2M0YzAiOnsiY3JlYXRlIjozMDAwMDAwMDAwMDAsImRlbGV0ZSI6MzAwMDAwMDAwMDAwLCJ1cGRhdGUiOjMwMDAwMDAwMDAwMH19",
          "dependencies": [
            "data.yandex_compute_image.coi",
            "yandex_compute_instance_group.catgpt",
            "yandex_iam_service_account.service-accounts",
            "yandex_resourcemanager_folder_iam_member.catgpt-ig-roles",
            "yandex_vpc_network.foo",
            "yandex_vpc_subnet.foo"
          ]
        }
      ]
    },
    {
      "mode": "managed",
      "type": "yandex_resourcemanager_folder_iam_member",
      "name": "catgpt-ig-roles",
      "provider": "provider[\"registry.terraform.io/yandex-cloud/yandex\"]",
      "instances": [
        {
          "index_key": "compute.editor",
          "schema_version": 0,
          "attributes": {
            "folder_id": "b1gudftn90gk7phlf79h",
            "id": "b1gudftn90gk7phlf79h/compute.editor/serviceAccount:ajeld2smli3ocg5266ed",
            "member": "serviceAccount:ajeld2smli3ocg5266ed",
            "role": "compute.editor",
            "sleep_after": null,
            "timeouts": null
          },
          "sensitive_attributes": [],
          "private": "eyJlMmJmYjczMC1lY2FhLTExZTYtOGY4OC0zNDM2M2JjN2M0YzAiOnsiY3JlYXRlIjo2MDAwMDAwMDAwMCwiZGVmYXVsdCI6NjAwMDAwMDAwMDAsImRlbGV0ZSI6NjAwMDAwMDAwMDAsInJlYWQiOjYwMDAwMDAwMDAwLCJ1cGRhdGUiOjYwMDAwMDAwMDAwfX0=",
          "dependencies": [
            "yandex_iam_service_account.service-accounts"
          ]
        },
        {
          "index_key": "iam.serviceAccounts.user",
          "schema_version": 0,
          "attributes": {
            "folder_id": "b1gudftn90gk7phlf79h",
            "id": "b1gudftn90gk7phlf79h/iam.serviceAccounts.user/serviceAccount:ajeld2smli3ocg5266ed",
            "member": "serviceAccount:ajeld2smli3ocg5266ed",
            "role": "iam.serviceAccounts.user",
            "sleep_after": null,
            "timeouts": null
          },
          "sensitive_attributes": [],
          "private": "eyJlMmJmYjczMC1lY2FhLTExZTYtOGY4OC0zNDM2M2JjN2M0YzAiOnsiY3JlYXRlIjo2MDAwMDAwMDAwMCwiZGVmYXVsdCI6NjAwMDAwMDAwMDAsImRlbGV0ZSI6NjAwMDAwMDAwMDAsInJlYWQiOjYwMDAwMDAwMDAwLCJ1cGRhdGUiOjYwMDAwMDAwMDAwfX0=",
          "dependencies": [
            "yandex_iam_service_account.service-accounts"
          ]
        },
        {
          "index_key": "load-balancer.admin",
          "schema_version": 0,
          "attributes": {
            "folder_id": "b1gudftn90gk7phlf79h",
            "id": "b1gudftn90gk7phlf79h/load-balancer.admin/serviceAccount:ajeld2smli3ocg5266ed",
            "member": "serviceAccount:ajeld2smli3ocg5266ed",
            "role": "load-balancer.admin",
            "sleep_after": null,
            "timeouts": null
          },
          "sensitive_attributes": [],
          "private": "eyJlMmJmYjczMC1lY2FhLTExZTYtOGY4OC0zNDM2M2JjN2M0YzAiOnsiY3JlYXRlIjo2MDAwMDAwMDAwMCwiZGVmYXVsdCI6NjAwMDAwMDAwMDAsImRlbGV0ZSI6NjAwMDAwMDAwMDAsInJlYWQiOjYwMDAwMDAwMDAwLCJ1cGRhdGUiOjYwMDAwMDAwMDAwfX0=",
          "dependencies": [
            "yandex_iam_service_account.service-accounts"
          ]
        },
        {
          "index_key": "vpc.publicAdmin",
          "schema_version": 0,
          "attributes": {
            "folder_id": "b1gudftn90gk7phlf79h",
            "id": "b1gudftn90gk7phlf79h/vpc.publicAdmin/serviceAccount:ajeld2smli3ocg5266ed",
            "member": "serviceAccount:ajeld2smli3ocg5266ed",
            "role": "vpc.publicAdmin",
            "sleep_after": null,
            "timeouts": null
          },
          "sensitive_attributes": [],
          "private": "eyJlMmJmYjczMC1lY2FhLTExZTYtOGY4OC0zNDM2M2JjN2M0YzAiOnsiY3JlYXRlIjo2MDAwMDAwMDAwMCwiZGVmYXVsdCI6NjAwMDAwMDAwMDAsImRlbGV0ZSI6NjAwMDAwMDAwMDAsInJlYWQiOjYwMDAwMDAwMDAwLCJ1cGRhdGUiOjYwMDAwMDAwMDAwfX0=",
          "dependencies": [
            "yandex_iam_service_account.service-accounts"
          ]
        },
        {
          "index_key": "vpc.user",
          "schema_version": 0,
          "attributes": {
            "folder_id": "b1gudftn90gk7phlf79h",
            "id": "b1gudftn90gk7phlf79h/vpc.user/serviceAccount:ajeld2smli3ocg5266ed",
            "member": "serviceAccount:ajeld2smli3ocg5266ed",
            "role": "vpc.user",
            "sleep_after": null,
            "timeouts": null
          },
          "sensitive_attributes": [],
          "private": "eyJlMmJmYjczMC1lY2FhLTExZTYtOGY4OC0zNDM2M2JjN2M0YzAiOnsiY3JlYXRlIjo2MDAwMDAwMDAwMCwiZGVmYXVsdCI6NjAwMDAwMDAwMDAsImRlbGV0ZSI6NjAwMDAwMDAwMDAsInJlYWQiOjYwMDAwMDAwMDAwLCJ1cGRhdGUiOjYwMDAwMDAwMDAwfX0=",
          "dependencies": [
            "yandex_iam_service_account.service-accounts"
          ]
        }
      ]
    },
    {
      "mode": "managed",
      "type": "yandex_resourcemanager_folder_iam_member",
      "name": "catgpt-roles",
      "provider": "provider[\"registry.terraform.io/yandex-cloud/yandex\"]",
      "instances": [
        {
          "index_key": "container-registry.images.puller",
          "schema_version": 0,
          "attributes": {
            "folder_id": "b1gudftn90gk7phlf79h",
            "id": "b1gudftn90gk7phlf79h/container-registry.images.puller/serviceAccount:ajeke61644ra5i3tgono",
            "member": "serviceAccount:ajeke61644ra5i3tgono",
            "role": "container-registry.images.puller",
            "sleep_after": null,
            "timeouts": null
          },
          "sensitive_attributes": [],
          "private": "eyJlMmJmYjczMC1lY2FhLTExZTYtOGY4OC0zNDM2M2JjN2M0YzAiOnsiY3JlYXRlIjo2MDAwMDAwMDAwMCwiZGVmYXVsdCI6NjAwMDAwMDAwMDAsImRlbGV0ZSI6NjAwMDAwMDAwMDAsInJlYWQiOjYwMDAwMDAwMDAwLCJ1cGRhdGUiOjYwMDAwMDAwMDAwfX0=",
          "dependencies": [
            "yandex_iam_service_account.service-accounts"
          ]
        },
        {
          "index_key": "monitoring.editor",
          "schema_version": 0,
          "attributes": {
            "folder_id": "b1gudftn90gk7phlf79h",
            "id": "b1gudftn90gk7phlf79h/monitoring.editor/serviceAccount:ajeke61644ra5i3tgono",
            "member": "serviceAccount:ajeke61644ra5i3tgono",
            "role": "monitoring.editor",
            "sleep_after": null,
            "timeouts": null
          },
          "sensitive_attributes": [],
          "private": "eyJlMmJmYjczMC1lY2FhLTExZTYtOGY4OC0zNDM2M2JjN2M0YzAiOnsiY3JlYXRlIjo2MDAwMDAwMDAwMCwiZGVmYXVsdCI6NjAwMDAwMDAwMDAsImRlbGV0ZSI6NjAwMDAwMDAwMDAsInJlYWQiOjYwMDAwMDAwMDAwLCJ1cGRhdGUiOjYwMDAwMDAwMDAwfX0=",
          "dependencies": [
            "yandex_iam_service_account.service-accounts"
          ]
        }
      ]
    },
    {
      "mode": "managed",
      "type": "yandex_vpc_network",
      "name": "foo",
      "provider": "provider[\"registry.terraform.io/yandex-cloud/yandex\"]",
      "instances": [
        {
          "schema_version": 0,
          "attributes": {
            "created_at": "2023-11-15T06:52:42Z",
            "default_security_group_id": "enpoul6qq0fvmudfgo1g",
            "description": "",
            "folder_id": "b1gudftn90gk7phlf79h",
            "id": "enp89n4k5mlve4f890a3",
            "labels": {},
            "name": "",
            "subnet_ids": [
              "e2ljarr8l6po4o7u00m1"
            ],
            "timeouts": null
          },
          "sensitive_attributes": [],
          "private": "eyJlMmJmYjczMC1lY2FhLTExZTYtOGY4OC0zNDM2M2JjN2M0YzAiOnsiY3JlYXRlIjo2MDAwMDAwMDAwMCwiZGVsZXRlIjo2MDAwMDAwMDAwMCwidXBkYXRlIjo2MDAwMDAwMDAwMH19"
        }
      ]
    },
    {
      "mode": "managed",
      "type": "yandex_vpc_subnet",
      "name": "foo",
      "provider": "provider[\"registry.terraform.io/yandex-cloud/yandex\"]",
      "instances": [
        {
          "schema_version": 0,
          "attributes": {
            "created_at": "2023-11-15T06:52:45Z",
            "description": "",
            "dhcp_options": [],
            "folder_id": "b1gudftn90gk7phlf79h",
            "id": "e2ljarr8l6po4o7u00m1",
            "labels": {},
            "name": "",
            "network_id": "enp89n4k5mlve4f890a3",
            "route_table_id": "",
            "timeouts": null,
            "v4_cidr_blocks": [
              "10.5.0.0/24"
            ],
            "v6_cidr_blocks": [],
            "zone": "ru-central1-b"
          },
          "sensitive_attributes": [],
          "private": "eyJlMmJmYjczMC1lY2FhLTExZTYtOGY4OC0zNDM2M2JjN2M0YzAiOnsiY3JlYXRlIjoxODAwMDAwMDAwMDAsImRlbGV0ZSI6MTgwMDAwMDAwMDAwLCJ1cGRhdGUiOjE4MDAwMDAwMDAwMH19",
          "dependencies": [
            "yandex_vpc_network.foo"
          ]
        }
      ]
    }
  ],
  "check_results": null
}
